{
  "name": "yyb-apk-extractor",
  "version": "1.0.0",
  "lockfileVersion": 3,
  "requires": true,
  "packages": {
    "": {
      "name": "yyb-apk-extractor",
      "version": "1.0.0",
      "license": "ISC",
      "bin": {
        "yyb-apk-extractor": "index.js"
      },
      "engines": {
        "node": ">=16.0.0"
      }
    }
  }
}
